
Microsoft Visual Studio Solution File, Format Version 12.00
# Visual Studio Version 16
VisualStudioVersion = 16.0.31321.278
MinimumVisualStudioVersion = 10.0.40219.1
Project("{FAE04EC0-301F-11D3-BF4B-00C04F79EFBC}") = "Projeto Siscream1.0", "Projeto Siscream1.0\Projeto Siscream1.0.csproj", "{82325951-F320-4D01-AD0E-F6D862223151}"
EndProject
Global
	GlobalSection(SolutionConfigurationPlatforms) = preSolution
		Debug|Any CPU = Debug|Any CPU
		Release|Any CPU = Release|Any CPU
	EndGlobalSection
	GlobalSection(ProjectConfigurationPlatforms) = postSolution
		{82325951-F320-4D01-AD0E-F6D862223151}.Debug|Any CPU.ActiveCfg = Debug|Any CPU
		{82325951-F320-4D01-AD0E-F6D862223151}.Debug|Any CPU.Build.0 = Debug|Any CPU
		{82325951-F320-4D01-AD0E-F6D862223151}.Release|Any CPU.ActiveCfg = Release|Any CPU
		{82325951-F320-4D01-AD0E-F6D862223151}.Release|Any CPU.Build.0 = Release|Any CPU
	EndGlobalSection
	GlobalSection(SolutionProperties) = preSolution
		HideSolutionNode = FALSE
	EndGlobalSection
	GlobalSection(ExtensibilityGlobals) = postSolution
		SolutionGuid = {16B21A52-092E-487A-B924-FE413ADB4E3D}
	EndGlobalSection
EndGlobal
